
Microsoft Visual Studio Solution File, Format Version 12.00
# Visual Studio Version 17
VisualStudioVersion = 17.3.32825.248
MinimumVisualStudioVersion = 10.0.40219.1
Project("{FAE04EC0-301F-11D3-BF4B-00C04F79EFBC}") = "Task64", "Task64\Task64.csproj", "{A58B8675-6983-43B6-9E2D-23189AA1321A}"
EndProject
Project("{FAE04EC0-301F-11D3-BF4B-00C04F79EFBC}") = "Task66", "Task66\Task66.csproj", "{1CA7A20C-DFA5-40C1-89C7-04B836C73399}"
EndProject
Project("{FAE04EC0-301F-11D3-BF4B-00C04F79EFBC}") = "Task68", "Task68\Task68.csproj", "{4525846D-8A7F-4E8D-8C5B-164580BA7314}"
EndProject
Global
	GlobalSection(SolutionConfigurationPlatforms) = preSolution
		Debug|Any CPU = Debug|Any CPU
		Release|Any CPU = Release|Any CPU
	EndGlobalSection
	GlobalSection(ProjectConfigurationPlatforms) = postSolution
		{A58B8675-6983-43B6-9E2D-23189AA1321A}.Debug|Any CPU.ActiveCfg = Debug|Any CPU
		{A58B8675-6983-43B6-9E2D-23189AA1321A}.Debug|Any CPU.Build.0 = Debug|Any CPU
		{A58B8675-6983-43B6-9E2D-23189AA1321A}.Release|Any CPU.ActiveCfg = Release|Any CPU
		{A58B8675-6983-43B6-9E2D-23189AA1321A}.Release|Any CPU.Build.0 = Release|Any CPU
		{1CA7A20C-DFA5-40C1-89C7-04B836C73399}.Debug|Any CPU.ActiveCfg = Debug|Any CPU
		{1CA7A20C-DFA5-40C1-89C7-04B836C73399}.Debug|Any CPU.Build.0 = Debug|Any CPU
		{1CA7A20C-DFA5-40C1-89C7-04B836C73399}.Release|Any CPU.ActiveCfg = Release|Any CPU
		{1CA7A20C-DFA5-40C1-89C7-04B836C73399}.Release|Any CPU.Build.0 = Release|Any CPU
		{4525846D-8A7F-4E8D-8C5B-164580BA7314}.Debug|Any CPU.ActiveCfg = Debug|Any CPU
		{4525846D-8A7F-4E8D-8C5B-164580BA7314}.Debug|Any CPU.Build.0 = Debug|Any CPU
		{4525846D-8A7F-4E8D-8C5B-164580BA7314}.Release|Any CPU.ActiveCfg = Release|Any CPU
		{4525846D-8A7F-4E8D-8C5B-164580BA7314}.Release|Any CPU.Build.0 = Release|Any CPU
	EndGlobalSection
	GlobalSection(SolutionProperties) = preSolution
		HideSolutionNode = FALSE
	EndGlobalSection
	GlobalSection(ExtensibilityGlobals) = postSolution
		SolutionGuid = {47E7E3EF-9964-4B91-B05A-88B08B3D837B}
	EndGlobalSection
EndGlobal
